
Microsoft Visual Studio Solution File, Format Version 12.00
# Visual Studio Version 17
VisualStudioVersion = 17.11.35222.181
MinimumVisualStudioVersion = 10.0.40219.1
Project("{FAE04EC0-301F-11D3-BF4B-00C04F79EFBC}") = "VoluntraGProject", "VoluntraGProject\VoluntraGProject.csproj", "{1C6E47F4-74B7-4DDE-BC33-E8DF5CC5D327}"
EndProject
Global
	GlobalSection(SolutionConfigurationPlatforms) = preSolution
		Debug|Any CPU = Debug|Any CPU
		Release|Any CPU = Release|Any CPU
	EndGlobalSection
	GlobalSection(ProjectConfigurationPlatforms) = postSolution
		{1C6E47F4-74B7-4DDE-BC33-E8DF5CC5D327}.Debug|Any CPU.ActiveCfg = Debug|Any CPU
		{1C6E47F4-74B7-4DDE-BC33-E8DF5CC5D327}.Debug|Any CPU.Build.0 = Debug|Any CPU
		{1C6E47F4-74B7-4DDE-BC33-E8DF5CC5D327}.Release|Any CPU.ActiveCfg = Release|Any CPU
		{1C6E47F4-74B7-4DDE-BC33-E8DF5CC5D327}.Release|Any CPU.Build.0 = Release|Any CPU
	EndGlobalSection
	GlobalSection(SolutionProperties) = preSolution
		HideSolutionNode = FALSE
	EndGlobalSection
	GlobalSection(ExtensibilityGlobals) = postSolution
		SolutionGuid = {A2E991E4-7D99-4837-A4BD-31F66D77D1B5}
	EndGlobalSection
EndGlobal
